// !$*UTF8*$!
{
	archiveVersion = 1;
	classes = {
	};
	objectVersion = 46;
	objects = {

/* Begin PBXBuildFile section */
		56F367841D875F120004B4AB /* AppDelegate.swift in Sources */ = {isa = PBXBuildFile; fileRef = 56F367831D875F120004B4AB /* AppDelegate.swift */; };
		56F367861D875F120004B4AB /* ViewController.swift in Sources */ = {isa = PBXBuildFile; fileRef = 56F367851D875F120004B4AB /* ViewController.swift */; };
		56F367891D875F120004B4AB /* Main.storyboard in Resources */ = {isa = PBXBuildFile; fileRef = 56F367871D875F120004B4AB /* Main.storyboard */; };
		56F3678B1D875F120004B4AB /* Assets.xcassets in Resources */ = {isa = PBXBuildFile; fileRef = 56F3678A1D875F120004B4AB /* Assets.xcassets */; };
		56F3678E1D875F120004B4AB /* LaunchScreen.storyboard in Resources */ = {isa = PBXBuildFile; fileRef = 56F3678C1D875F120004B4AB /* LaunchScreen.storyboard */; };
		56F367991D875F120004B4AB /* githubRveraTests.swift in Sources */ = {isa = PBXBuildFile; fileRef = 56F367981D875F120004B4AB /* githubRveraTests.swift */; };
/* End PBXBuildFile section */

/* Begin PBXContainerItemProxy section */
		56F367951D875F120004B4AB /* PBXContainerItemProxy */ = {
			isa = PBXContainerItemProxy;
			containerPortal = 56F367781D875F120004B4AB /* Project object */;
			proxyType = 1;
			remoteGlobalIDString = 56F3677F1D875F120004B4AB;
			remoteInfo = githubRvera;
		};
/* End PBXContainerItemProxy section */

/* Begin PBXFileReference section */
		56F367801D875F120004B4AB /* githubRvera.app */ = {isa = PBXFileReference; explicitFileType = wrapper.application; includeInIndex = 0; path = githubRvera.app; sourceTree = BUILT_PRODUCTS_DIR; };
		56F367831D875F120004B4AB /* AppDelegate.swift */ = {isa = PBXFileReference; lastKnownFileType = sourcecode.swift; path = AppDelegate.swift; sourceTree = "<group>"; };
		56F367851D875F120004B4AB /* ViewController.swift */ = {isa = PBXFileReference; lastKnownFileType = sourcecode.swift; path = ViewController.swift; sourceTree = "<group>"; };
		56F367881D875F120004B4AB /* Base */ = {isa = PBXFileReference; lastKnownFileType = file.storyboard; name = Base; path = Base.lproj/Main.storyboard; sourceTree = "<group>"; };
		56F3678A1D875F120004B4AB /* Assets.xcassets */ = {isa = PBXFileReference; lastKnownFileType = folder.assetcatalog; path = Assets.xcassets; sourceTree = "<group>"; };
		56F3678D1D875F120004B4AB /* Base */ = {isa = PBXFileReference; lastKnownFileType = file.storyboard; name = Base; path = Base.lproj/LaunchScreen.storyboard; sourceTree = "<group>"; };
		56F3678F1D875F120004B4AB /* Info.plist */ = {isa = PBXFileReference; lastKnownFileType = text.plist.xml; path = Info.plist; sourceTree = "<group>"; };
		56F367941D875F120004B4AB /* githubRveraTests.xctest */ = {isa = PBXFileReference; explicitFileType = wrapper.cfbundle; includeInIndex = 0; path = githubRveraTests.xctest; sourceTree = BUILT_PRODUCTS_DIR; };
		56F367981D875F120004B4AB /* githubRveraTests.swift */ = {isa = PBXFileReference; lastKnownFileType = sourcecode.swift; path = githubRveraTests.swift; sourceTree = "<group>"; };
		56F3679A1D875F120004B4AB /* Info.plist */ = {isa = PBXFileReference; lastKnownFileType = text.plist.xml; path = Info.plist; sourceTree = "<group>"; };
/* End PBXFileReference section */

/* Begin PBXFrameworksBuildPhase section */
		56F3677D1D875F120004B4AB /* Frameworks */ = {
			isa = PBXFrameworksBuildPhase;
			buildActionMask = 2147483647;
			files = (
			);
			runOnlyForDeploymentPostprocessing = 0;
		};
		56F367911D875F120004B4AB /* Frameworks */ = {
			isa = PBXFrameworksBuildPhase;
			buildActionMask = 2147483647;
			files = (
			);
			runOnlyForDeploymentPostprocessing = 0;
		};
/* End PBXFrameworksBuildPhase section */

/* Begin PBXGroup section */
		56F367771D875F120004B4AB = {
			isa = PBXGroup;
			children = (
				56F367821D875F120004B4AB /* githubRvera */,
				56F367971D875F120004B4AB /* githubRveraTests */,
				56F367811D875F120004B4AB /* Products */,
			);
			sourceTree = "<group>";
		};
		56F367811D875F120004B4AB /* Products */ = {
			isa = PBXGroup;
			children = (
				56F367801D875F120004B4AB /* githubRvera.app */,
				56F367941D875F120004B4AB /* githubRveraTests.xctest */,
			);
			name = Products;
			sourceTree = "<group>";
		};
		56F367821D875F120004B4AB /* githubRvera */ = {
			isa = PBXGroup;
			children = (
				56F367831D875F120004B4AB /* AppDelegate.swift */,
				56F367851D875F120004B4AB /* ViewController.swift */,
				56F367871D875F120004B4AB /* Main.storyboard */,
				56F3678A1D875F120004B4AB /* Assets.xcassets */,
				56F3678C1D875F120004B4AB /* LaunchScreen.storyboard */,
				56F3678F1D875F120004B4AB /* Info.plist */,
			);
			path = githubRvera;
			sourceTree = "<group>";
		};
		56F367971D875F120004B4AB /* githubRveraTests */ = {
			isa = PBXGroup;
			children = (
				56F367981D875F120004B4AB /* githubRveraTests.swift */,
				56F3679A1D875F120004B4AB /* Info.plist */,
			);
			path = githubRveraTests;
			sourceTree = "<group>";
		};
/* End PBXGroup section */

/* Begin PBXNativeTarget section */
		56F3677F1D875F120004B4AB /* githubRvera */ = {
			isa = PBXNativeTarget;
			buildConfigurationList = 56F3679D1D875F120004B4AB /* Build configuration list for PBXNativeTarget "githubRvera" */;
			buildPhases = (
				56F3677C1D875F120004B4AB /* Sources */,
				56F3677D1D875F120004B4AB /* Frameworks */,
				56F3677E1D875F120004B4AB /* Resources */,
			);
			buildRules = (
			);
			dependencies = (
			);
			name = githubRvera;
			productName = githubRvera;
			productReference = 56F367801D875F120004B4AB /* githubRvera.app */;
			productType = "com.apple.product-type.application";
		};
		56F367931D875F120004B4AB /* githubRveraTests */ = {
			isa = PBXNativeTarget;
			buildConfigurationList = 56F367A01D875F120004B4AB /* Build configuration list for PBXNativeTarget "githubRveraTests" */;
			buildPhases = (
				56F367901D875F120004B4AB /* Sources */,
				56F367911D875F120004B4AB /* Frameworks */,
				56F367921D875F120004B4AB /* Resources */,
			);
			buildRules = (
			);
			dependencies = (
				56F367961D875F120004B4AB /* PBXTargetDependency */,
			);
			name = githubRveraTests;
			productName = githubRveraTests;
			productReference = 56F367941D875F120004B4AB /* githubRveraTests.xctest */;
			productType = "com.apple.product-type.bundle.unit-test";
		};
/* End PBXNativeTarget section */

/* Begin PBXProject section */
		56F367781D875F120004B4AB /* Project object */ = {
			isa = PBXProject;
			attributes = {
				LastSwiftUpdateCheck = 0720;
				LastUpgradeCheck = 0720;
				ORGANIZATIONNAME = user118713;
				TargetAttributes = {
					56F3677F1D875F120004B4AB = {
						CreatedOnToolsVersion = 7.2;
					};
					56F367931D875F120004B4AB = {
						CreatedOnToolsVersion = 7.2;
						TestTargetID = 56F3677F1D875F120004B4AB;
					};
				};
			};
			buildConfigurationList = 56F3677B1D875F120004B4AB /* Build configuration list for PBXProject "githubRvera" */;
			compatibilityVersion = "Xcode 3.2";
			developmentRegion = English;
			hasScannedForEncodings = 0;
			knownRegions = (
				en,
				Base,
			);
			mainGroup = 56F367771D875F120004B4AB;
			productRefGroup = 56F367811D875F120004B4AB /* Products */;
			projectDirPath = "";
			projectRoot = "";
			targets = (
				56F3677F1D875F120004B4AB /* githubRvera */,
				56F367931D875F120004B4AB /* githubRveraTests */,
			);
		};
/* End PBXProject section */

/* Begin PBXResourcesBuildPhase section */
		56F3677E1D875F120004B4AB /* Resources */ = {
			isa = PBXResourcesBuildPhase;
			buildActionMask = 2147483647;
			files = (
				56F3678E1D875F120004B4AB /* LaunchScreen.storyboard in Resources */,
				56F3678B1D875F120004B4AB /* Assets.xcassets in Resources */,
				56F367891D875F120004B4AB /* Main.storyboard in Resources */,
			);
			runOnlyForDeploymentPostprocessing = 0;
		};
		56F367921D875F120004B4AB /* Resources */ = {
			isa = PBXResourcesBuildPhase;
			buildActionMask = 2147483647;
			files = (
			);
			runOnlyForDeploymentPostprocessing = 0;
		};
/* End PBXResourcesBuildPhase section */

/* Begin PBXSourcesBuildPhase section */
		56F3677C1D875F120004B4AB /* Sources */ = {
			isa = PBXSourcesBuildPhase;
			buildActionMask = 2147483647;
			files = (
				56F367861D875F120004B4AB /* ViewController.swift in Sources */,
				56F367841D875F120004B4AB /* AppDelegate.swift in Sources */,
			);
			runOnlyForDeploymentPostprocessing = 0;
		};
		56F367901D875F120004B4AB /* Sources */ = {
			isa = PBXSourcesBuildPhase;
			buildActionMask = 2147483647;
			files = (
				56F367991D875F120004B4AB /* githubRveraTests.swift in Sources */,
			);
			runOnlyForDeploymentPostprocessing = 0;
		};
/* End PBXSourcesBuildPhase section */

/* Begin PBXTargetDependency section */
		56F367961D875F120004B4AB /* PBXTargetDependency */ = {
			isa = PBXTargetDependency;
			target = 56F3677F1D875F120004B4AB /* githubRvera */;
			targetProxy = 56F367951D875F120004B4AB /* PBXContainerItemProxy */;
		};
/* End PBXTargetDependency section */

/* Begin PBXVariantGroup section */
		56F367871D875F120004B4AB /* Main.storyboard */ = {
			isa = PBXVariantGroup;
			children = (
				56F367881D875F120004B4AB /* Base */,
			);
			name = Main.storyboard;
			sourceTree = "<group>";
		};
		56F3678C1D875F120004B4AB /* LaunchScreen.storyboard */ = {
			isa = PBXVariantGroup;
			children = (
				56F3678D1D875F120004B4AB /* Base */,
			);
			name = LaunchScreen.storyboard;
			sourceTree = "<group>";
		};
/* End PBXVariantGroup section */

/* Begin XCBuildConfiguration section */
		56F3679B1D875F120004B4AB /* Debug */ = {
			isa = XCBuildConfiguration;
			buildSettings = {
				ALWAYS_SEARCH_USER_PATHS = NO;
				CLANG_CXX_LANGUAGE_STANDARD = "gnu++0x";
				CLANG_CXX_LIBRARY = "libc++";
				CLANG_ENABLE_MODULES = YES;
				CLANG_ENABLE_OBJC_ARC = YES;
				CLANG_WARN_BOOL_CONVERSION = YES;
				CLANG_WARN_CONSTANT_CONVERSION = YES;
				CLANG_WARN_DIRECT_OBJC_ISA_USAGE = YES_ERROR;
				CLANG_WARN_EMPTY_BODY = YES;
				CLANG_WARN_ENUM_CONVERSION = YES;
				CLANG_WARN_INT_CONVERSION = YES;
				CLANG_WARN_OBJC_ROOT_CLASS = YES_ERROR;
				CLANG_WARN_UNREACHABLE_CODE = YES;
				CLANG_WARN__DUPLICATE_METHOD_MATCH = YES;
				"CODE_SIGN_IDENTITY[sdk=iphoneos*]" = "iPhone Developer";
				COPY_PHASE_STRIP = NO;
				DEBUG_INFORMATION_FORMAT = dwarf;
				ENABLE_STRICT_OBJC_MSGSEND = YES;
				ENABLE_TESTABILITY = YES;
				GCC_C_LANGUAGE_STANDARD = gnu99;
				GCC_DYNAMIC_NO_PIC = NO;
				GCC_NO_COMMON_BLOCKS = YES;
				GCC_OPTIMIZATION_LEVEL = 0;
				GCC_PREPROCESSOR_DEFINITIONS = (
					"DEBUG=1",
					"$(inherited)",
				);
				GCC_WARN_64_TO_32_BIT_CONVERSION = YES;
				GCC_WARN_ABOUT_RETURN_TYPE = YES_ERROR;
				GCC_WARN_UNDECLARED_SELECTOR = YES;
				GCC_WARN_UNINITIALIZED_AUTOS = YES_AGGRESSIVE;
				GCC_WARN_UNUSED_FUNCTION = YES;
				GCC_WARN_UNUSED_VARIABLE = YES;
				IPHONEOS_DEPLOYMENT_TARGET = 9.2;
				MTL_ENABLE_DEBUG_INFO = YES;
				ONLY_ACTIVE_ARCH = YES;
				SDKROOT = iphoneos;
				SWIFT_OPTIMIZATION_LEVEL = "-Onone";
			};
			name = Debug;
		};
		56F3679C1D875F120004B4AB /* Release */ = {
			isa = XCBuildConfiguration;
			buildSettings = {
				ALWAYS_SEARCH_USER_PATHS = NO;
				CLANG_CXX_LANGUAGE_STANDARD = "gnu++0x";
				CLANG_CXX_LIBRARY = "libc++";
				CLANG_ENABLE_MODULES = YES;
				CLANG_ENABLE_OBJC_ARC = YES;
				CLANG_WARN_BOOL_CONVERSION = YES;
				CLANG_WARN_CONSTANT_CONVERSION = YES;
				CLANG_WARN_DIRECT_OBJC_ISA_USAGE = YES_ERROR;
				CLANG_WARN_EMPTY_BODY = YES;
				CLANG_WARN_ENUM_CONVERSION = YES;
				CLANG_WARN_INT_CONVERSION = YES;
				CLANG_WARN_OBJC_ROOT_CLASS = YES_ERROR;
				CLANG_WARN_UNREACHABLE_CODE = YES;
				CLANG_WARN__DUPLICATE_METHOD_MATCH = YES;
				"CODE_SIGN_IDENTITY[sdk=iphoneos*]" = "iPhone Developer";
				COPY_PHASE_STRIP = NO;
				DEBUG_INFORMATION_FORMAT = "dwarf-with-dsym";
				ENABLE_NS_ASSERTIONS = NO;
				ENABLE_STRICT_OBJC_MSGSEND = YES;
				GCC_C_LANGUAGE_STANDARD = gnu99;
				GCC_NO_COMMON_BLOCKS = YES;
				GCC_WARN_64_TO_32_BIT_CONVERSION = YES;
				GCC_WARN_ABOUT_RETURN_TYPE = YES_ERROR;
				GCC_WARN_UNDECLARED_SELECTOR = YES;
				GCC_WARN_UNINITIALIZED_AUTOS = YES_AGGRESSIVE;
				GCC_WARN_UNUSED_FUNCTION = YES;
				GCC_WARN_UNUSED_VARIABLE = YES;
				IPHONEOS_DEPLOYMENT_TARGET = 9.2;
				MTL_ENABLE_DEBUG_INFO = NO;
				SDKROOT = iphoneos;
				VALIDATE_PRODUCT = YES;
			};
			name = Release;
		};
		56F3679E1D875F120004B4AB /* Debug */ = {
			isa = XCBuildConfiguration;
			buildSettings = {
				ASSETCATALOG_COMPILER_APPICON_NAME = AppIcon;
				INFOPLIST_FILE = githubRvera/Info.plist;
				LD_RUNPATH_SEARCH_PATHS = "$(inherited) @executable_path/Frameworks";
				PRODUCT_BUNDLE_IDENTIFIER = inacap.cl.githubRvera;
				PRODUCT_NAME = "$(TARGET_NAME)";
			};
			name = Debug;
		};
		56F3679F1D875F120004B4AB /* Release */ = {
			isa = XCBuildConfiguration;
			buildSettings = {
				ASSETCATALOG_COMPILER_APPICON_NAME = AppIcon;
				INFOPLIST_FILE = githubRvera/Info.plist;
				LD_RUNPATH_SEARCH_PATHS = "$(inherited) @executable_path/Frameworks";
				PRODUCT_BUNDLE_IDENTIFIER = inacap.cl.githubRvera;
				PRODUCT_NAME = "$(TARGET_NAME)";
			};
			name = Release;
		};
		56F367A11D875F120004B4AB /* Debug */ = {
			isa = XCBuildConfiguration;
			buildSettings = {
				BUNDLE_LOADER = "$(TEST_HOST)";
				INFOPLIST_FILE = githubRveraTests/Info.plist;
				LD_RUNPATH_SEARCH_PATHS = "$(inherited) @executable_path/Frameworks @loader_path/Frameworks";
				PRODUCT_BUNDLE_IDENTIFIER = inacap.cl.githubRveraTests;
				PRODUCT_NAME = "$(TARGET_NAME)";
				TEST_HOST = "$(BUILT_PRODUCTS_DIR)/githubRvera.app/githubRvera";
			};
			name = Debug;
		};
		56F367A21D875F120004B4AB /* Release */ = {
			isa = XCBuildConfiguration;
			buildSettings = {
				BUNDLE_LOADER = "$(TEST_HOST)";
				INFOPLIST_FILE = githubRveraTests/Info.plist;
				LD_RUNPATH_SEARCH_PATHS = "$(inherited) @executable_path/Frameworks @loader_path/Frameworks";
				PRODUCT_BUNDLE_IDENTIFIER = inacap.cl.githubRveraTests;
				PRODUCT_NAME = "$(TARGET_NAME)";
				TEST_HOST = "$(BUILT_PRODUCTS_DIR)/githubRvera.app/githubRvera";
			};
			name = Release;
		};
/* End XCBuildConfiguration section */

/* Begin XCConfigurationList section */
		56F3677B1D875F120004B4AB /* Build configuration list for PBXProject "githubRvera" */ = {
			isa = XCConfigurationList;
			buildConfigurations = (
				56F3679B1D875F120004B4AB /* Debug */,
				56F3679C1D875F120004B4AB /* Release */,
			);
			defaultConfigurationIsVisible = 0;
			defaultConfigurationName = Release;
		};
		56F3679D1D875F120004B4AB /* Build configuration list for PBXNativeTarget "githubRvera" */ = {
			isa = XCConfigurationList;
			buildConfigurations = (
				56F3679E1D875F120004B4AB /* Debug */,
				56F3679F1D875F120004B4AB /* Release */,
			);
			defaultConfigurationIsVisible = 0;
		};
		56F367A01D875F120004B4AB /* Build configuration list for PBXNativeTarget "githubRveraTests" */ = {
			isa = XCConfigurationList;
			buildConfigurations = (
				56F367A11D875F120004B4AB /* Debug */,
				56F367A21D875F120004B4AB /* Release */,
			);
			defaultConfigurationIsVisible = 0;
		};
/* End XCConfigurationList section */
	};
	rootObject = 56F367781D875F120004B4AB /* Project object */;
}
